lockfileVersion: '6.0'

settings:
  autoInstallPeers: true
  excludeLinksFromLockfile: false

dependencies:
  '@element-plus/icons-vue':
    specifier: ^2.0.10
    version: 2.3.1(vue@3.4.21)
  axios:
    specifier: ^1.2.0
    version: 1.6.7
  element-plus:
    specifier: ^2.2.25
    version: 2.5.6(vue@3.4.21)
  qs:
    specifier: ^6.11.0
    version: 6.11.2
  sass:
    specifier: ^1.71.1
    version: 1.71.1
  sass-loader:
    specifier: ^14.1.1
    version: 14.1.1(sass@1.71.1)
  vue:
    specifier: ^3.2.41
    version: 3.4.21
  vue-router:
    specifier: ^4.0.13
    version: 4.3.0(vue@3.4.21)

devDependencies:
  '@vitejs/plugin-vue':
    specifier: ^3.2.0
    version: 3.2.0(vite@3.2.8)(vue@3.4.21)
  vite:
    specifier: ^3.2.3
    version: 3.2.8(sass@1.71.1)

packages:

  /@babel/helper-string-parser@7.23.4:
    resolution: {integrity: sha1-lHjHB/68u+Hds4o9kaLgVK5iLYM=, tarball: http://repo.inspur.com:80/artifactory/api/npm/iop-npm-virtual/@babel/helper-string-parser/-/helper-string-parser-7.23.4.tgz}
    engines: {node: '>=6.9.0'}

  /@babel/helper-validator-identifier@7.22.20:
    resolution: {integrity: sha1-xK4ALGHSh55yRYHZZmVYPbwdwOA=, tarball: http://repo.inspur.com:80/artifactory/api/npm/iop-npm-virtual/@babel/helper-validator-identifier/-/helper-validator-identifier-7.22.20.tgz}
    engines: {node: '>=6.9.0'}

  /@babel/parser@7.24.0:
    resolution: {integrity: sha1-JqPR/0kDHFOpfQO2BDdfAodGqaw=, tarball: http://repo.inspur.com:80/artifactory/api/npm/iop-npm-virtual/@babel/parser/-/parser-7.24.0.tgz}
    engines: {node: '>=6.0.0'}
    hasBin: true
    dependencies:
      '@babel/types': 7.24.0

  /@babel/types@7.24.0:
    resolution: {integrity: sha1-O5UfQ1qS5zM+ugW3Vm/Sl5YOob8=, tarball: http://repo.inspur.com:80/artifactory/api/npm/iop-npm-virtual/@babel/types/-/types-7.24.0.tgz}
    engines: {node: '>=6.9.0'}
    dependencies:
      '@babel/helper-string-parser': 7.23.4
      '@babel/helper-validator-identifier': 7.22.20
      to-fast-properties: 2.0.0

  /@ctrl/tinycolor@3.6.1:
    resolution: {integrity: sha1-tsdaVqGUfMkW6gWHctZmosiTLzE=, tarball: http://repo.inspur.com:80/artifactory/api/npm/iop-npm-virtual/@ctrl/tinycolor/-/tinycolor-3.6.1.tgz}
    engines: {node: '>=10'}
    dev: false

  /@element-plus/icons-vue@2.3.1(vue@3.4.21):
    resolution: {integrity: sha1-H2Na1f3VyF7ZNkgVJVcOgrWoMHo=, tarball: http://repo.inspur.com:80/artifactory/api/npm/iop-npm-virtual/@element-plus/icons-vue/-/icons-vue-2.3.1.tgz}
    peerDependencies:
      vue: ^3.2.0
    dependencies:
      vue: 3.4.21
    dev: false

  /@esbuild/android-arm@0.15.18:
    resolution: {integrity: sha1-Jm1AuP3Ph5Yt+K8Ft2IZvHhrT4A=, tarball: http://repo.inspur.com:80/artifactory/api/npm/iop-npm-virtual/@esbuild/android-arm/-/android-arm-0.15.18.tgz}
    engines: {node: '>=12'}
    cpu: [arm]
    os: [android]
    requiresBuild: true
    dev: true
    optional: true

  /@esbuild/linux-loong64@0.15.18:
    resolution: {integrity: sha1-Eot27Lm+SLYM9c/BxjpPAGkaMjk=, tarball: http://repo.inspur.com:80/artifactory/api/npm/iop-npm-virtual/@esbuild/linux-loong64/-/linux-loong64-0.15.18.tgz}
    engines: {node: '>=12'}
    cpu: [loong64]
    os: [linux]
    requiresBuild: true
    dev: true
    optional: true

  /@floating-ui/core@1.6.0:
    resolution: {integrity: sha1-+kG4eBKha/EjEiv5RZRrrj/ff8E=, tarball: http://repo.inspur.com:80/artifactory/api/npm/iop-npm-virtual/@floating-ui/core/-/core-1.6.0.tgz}
    dependencies:
      '@floating-ui/utils': 0.2.1
    dev: false

  /@floating-ui/dom@1.6.3:
    resolution: {integrity: sha1-lU5Gwd061I5J25rachiwmFzude8=, tarball: http://repo.inspur.com:80/artifactory/api/npm/iop-npm-virtual/@floating-ui/dom/-/dom-1.6.3.tgz}
    dependencies:
      '@floating-ui/core': 1.6.0
      '@floating-ui/utils': 0.2.1
    dev: false

  /@floating-ui/utils@0.2.1:
    resolution: {integrity: sha1-FjCM6gRfD8d3tv8gqfJUdN2Ck9I=, tarball: http://repo.inspur.com:80/artifactory/api/npm/iop-npm-virtual/@floating-ui/utils/-/utils-0.2.1.tgz}
    dev: false

  /@jridgewell/sourcemap-codec@1.4.15:
    resolution: {integrity: sha1-18bmdVx4VnqVHgSrUu8P0m3lnzI=, tarball: http://repo.inspur.com:80/artifactory/api/npm/iop-npm-virtual/@jridgewell/sourcemap-codec/-/sourcemap-codec-1.4.15.tgz}

  /@sxzz/popperjs-es@2.11.7:
    resolution: {integrity: sha1-p/aeNmXT2psRX55xZx2uG5fhNnE=, tarball: http://repo.inspur.com:80/artifactory/api/npm/iop-npm-virtual/@sxzz/popperjs-es/-/popperjs-es-2.11.7.tgz}
    dev: false

  /@types/lodash-es@4.17.12:
    resolution: {integrity: sha1-ZfbR5fgFOap8+/yWLeXe8M9PNBs=, tarball: http://repo.inspur.com:80/artifactory/api/npm/iop-npm-virtual/@types/lodash-es/-/lodash-es-4.17.12.tgz}
    dependencies:
      '@types/lodash': 4.14.202
    dev: false

  /@types/lodash@4.14.202:
    resolution: {integrity: sha1-8J29L7CC1QcXiy8qXH50vXL/mPg=, tarball: http://repo.inspur.com:80/artifactory/api/npm/iop-npm-virtual/@types/lodash/-/lodash-4.14.202.tgz}
    dev: false

  /@types/web-bluetooth@0.0.16:
    resolution: {integrity: sha1-HRKHOo5JVnNx8qdf4+f37cpmYtg=, tarball: http://repo.inspur.com:80/artifactory/api/npm/iop-npm-virtual/@types/web-bluetooth/-/web-bluetooth-0.0.16.tgz}
    dev: false

  /@vitejs/plugin-vue@3.2.0(vite@3.2.8)(vue@3.4.21):
    resolution: {integrity: sha1-oUhAid2F1lKPQ1dD+EzdDSFbu1Q=, tarball: http://repo.inspur.com:80/artifactory/api/npm/iop-npm-virtual/@vitejs/plugin-vue/-/plugin-vue-3.2.0.tgz}
    engines: {node: ^14.18.0 || >=16.0.0}
    peerDependencies:
      vite: ^3.0.0
      vue: ^3.2.25
    dependencies:
      vite: 3.2.8(sass@1.71.1)
      vue: 3.4.21
    dev: true

  /@vue/compiler-core@3.4.21:
    resolution: {integrity: sha1-hotwhTePwk5Yya7RTI1iEQpivho=, tarball: http://repo.inspur.com:80/artifactory/api/npm/iop-npm-virtual/@vue/compiler-core/-/compiler-core-3.4.21.tgz}
    dependencies:
      '@babel/parser': 7.24.0
      '@vue/shared': 3.4.21
      entities: 4.5.0
      estree-walker: 2.0.2
      source-map-js: 1.0.2

  /@vue/compiler-dom@3.4.21:
    resolution: {integrity: sha1-AHfDVeIAggcoOlqH1RAzDSJUaAM=, tarball: http://repo.inspur.com:80/artifactory/api/npm/iop-npm-virtual/@vue/compiler-dom/-/compiler-dom-3.4.21.tgz}
    dependencies:
      '@vue/compiler-core': 3.4.21
      '@vue/shared': 3.4.21

  /@vue/compiler-sfc@3.4.21:
    resolution: {integrity: sha1-Svkg3DGrmeH/XRUrX+CtEhgRRbI=, tarball: http://repo.inspur.com:80/artifactory/api/npm/iop-npm-virtual/@vue/compiler-sfc/-/compiler-sfc-3.4.21.tgz}
    dependencies:
      '@babel/parser': 7.24.0
      '@vue/compiler-core': 3.4.21
      '@vue/compiler-dom': 3.4.21
      '@vue/compiler-ssr': 3.4.21
      '@vue/shared': 3.4.21
      estree-walker: 2.0.2
      magic-string: 0.30.7
      postcss: 8.4.35
      source-map-js: 1.0.2

  /@vue/compiler-ssr@3.4.21:
    resolution: {integrity: sha1-uErmT7nCZd8h/Gf3YkWHZz0yT+8=, tarball: http://repo.inspur.com:80/artifactory/api/npm/iop-npm-virtual/@vue/compiler-ssr/-/compiler-ssr-3.4.21.tgz}
    dependencies:
      '@vue/compiler-dom': 3.4.21
      '@vue/shared': 3.4.21

  /@vue/devtools-api@6.6.1:
    resolution: {integrity: sha1-fBQ0Y4N1HZ9q1L6gljJFswIg74M=, tarball: http://repo.inspur.com:80/artifactory/api/npm/iop-npm-virtual/@vue/devtools-api/-/devtools-api-6.6.1.tgz}
    dev: false

  /@vue/reactivity@3.4.21:
    resolution: {integrity: sha1-r/00FRFbjr9JJ8jSoNaiS8z6nwI=, tarball: http://repo.inspur.com:80/artifactory/api/npm/iop-npm-virtual/@vue/reactivity/-/reactivity-3.4.21.tgz}
    dependencies:
      '@vue/shared': 3.4.21

  /@vue/runtime-core@3.4.21:
    resolution: {integrity: sha1-N0nD8CSmTEwn7Nda6kyjVjTbAGI=, tarball: http://repo.inspur.com:80/artifactory/api/npm/iop-npm-virtual/@vue/runtime-core/-/runtime-core-3.4.21.tgz}
    dependencies:
      '@vue/reactivity': 3.4.21
      '@vue/shared': 3.4.21

  /@vue/runtime-dom@3.4.21:
    resolution: {integrity: sha1-kfhn72Tv8jLKxFCVqyjryTrHRYg=, tarball: http://repo.inspur.com:80/artifactory/api/npm/iop-npm-virtual/@vue/runtime-dom/-/runtime-dom-3.4.21.tgz}
    dependencies:
      '@vue/runtime-core': 3.4.21
      '@vue/shared': 3.4.21
      csstype: 3.1.3

  /@vue/server-renderer@3.4.21(vue@3.4.21):
    resolution: {integrity: sha1-FQdRV50mZh7j7SaihgRmf6QiKpc=, tarball: http://repo.inspur.com:80/artifactory/api/npm/iop-npm-virtual/@vue/server-renderer/-/server-renderer-3.4.21.tgz}
    peerDependencies:
      vue: 3.4.21
    dependencies:
      '@vue/compiler-ssr': 3.4.21
      '@vue/shared': 3.4.21
      vue: 3.4.21

  /@vue/shared@3.4.21:
    resolution: {integrity: sha1-3lJqkFnQpZnwtCmvcDfNDD7X1aE=, tarball: http://repo.inspur.com:80/artifactory/api/npm/iop-npm-virtual/@vue/shared/-/shared-3.4.21.tgz}

  /@vueuse/core@9.13.0(vue@3.4.21):
    resolution: {integrity: sha1-L2nmbRkFweTuvCSaAXWc+I6gDPQ=, tarball: http://repo.inspur.com:80/artifactory/api/npm/iop-npm-virtual/@vueuse/core/-/core-9.13.0.tgz}
    dependencies:
      '@types/web-bluetooth': 0.0.16
      '@vueuse/metadata': 9.13.0
      '@vueuse/shared': 9.13.0(vue@3.4.21)
      vue-demi: 0.14.7(vue@3.4.21)
    transitivePeerDependencies:
      - '@vue/composition-api'
      - vue
    dev: false

  /@vueuse/metadata@9.13.0:
    resolution: {integrity: sha1-vCWmza0bGpPDbOMBkRJNplIFOf8=, tarball: http://repo.inspur.com:80/artifactory/api/npm/iop-npm-virtual/@vueuse/metadata/-/metadata-9.13.0.tgz}
    dev: false

  /@vueuse/shared@9.13.0(vue@3.4.21):
    resolution: {integrity: sha1-CJ/0zE4uekAV5XqPMuSznQljU7k=, tarball: http://repo.inspur.com:80/artifactory/api/npm/iop-npm-virtual/@vueuse/shared/-/shared-9.13.0.tgz}
    dependencies:
      vue-demi: 0.14.7(vue@3.4.21)
    transitivePeerDependencies:
      - '@vue/composition-api'
      - vue
    dev: false

  /anymatch@3.1.3:
    resolution: {integrity: sha1-eQxYsZuhcgqEIFtXxhjVrYUklz4=, tarball: http://repo.inspur.com:80/artifactory/api/npm/iop-npm-virtual/anymatch/-/anymatch-3.1.3.tgz}
    engines: {node: '>= 8'}
    dependencies:
      normalize-path: 3.0.0
      picomatch: 2.3.1

  /async-validator@4.2.5:
    resolution: {integrity: sha1-yW6jMypSFpnQr6rO7VEKVGVsYzk=, tarball: http://repo.inspur.com:80/artifactory/api/npm/iop-npm-virtual/async-validator/-/async-validator-4.2.5.tgz}
    dev: false

  /asynckit@0.4.0:
    resolution: {integrity: sha1-x57Zf380y48robyXkLzDZkdLS3k=, tarball: http://repo.inspur.com:80/artifactory/api/npm/iop-npm-virtual/asynckit/-/asynckit-0.4.0.tgz}
    dev: false

  /axios@1.6.7:
    resolution: {integrity: sha1-e0jC4nyW+caKL48x4qsZ9ZsGsKc=, tarball: http://repo.inspur.com:80/artifactory/api/npm/iop-npm-virtual/axios/-/axios-1.6.7.tgz}
    dependencies:
      follow-redirects: 1.15.5
      form-data: 4.0.0
      proxy-from-env: 1.1.0
    transitivePeerDependencies:
      - debug
    dev: false

  /binary-extensions@2.2.0:
    resolution: {integrity: sha1-dfUC7q+f/eQvyYgpZFvk6na9ni0=, tarball: http://repo.inspur.com:80/artifactory/api/npm/iop-npm-virtual/binary-extensions/-/binary-extensions-2.2.0.tgz}
    engines: {node: '>=8'}

  /braces@3.0.2:
    resolution: {integrity: sha1-NFThpGLujVmeI23zNs2epPiv4Qc=, tarball: http://repo.inspur.com:80/artifactory/api/npm/iop-npm-virtual/braces/-/braces-3.0.2.tgz}
    engines: {node: '>=8'}
    dependencies:
      fill-range: 7.0.1

  /call-bind@1.0.7:
    resolution: {integrity: sha1-BgFlmcQMVkmMGHadJzC+JCtvo7k=, tarball: http://repo.inspur.com:80/artifactory/api/npm/iop-npm-virtual/call-bind/-/call-bind-1.0.7.tgz}
    engines: {node: '>= 0.4'}
    dependencies:
      es-define-property: 1.0.0
      es-errors: 1.3.0
      function-bind: 1.1.2
      get-intrinsic: 1.2.4
      set-function-length: 1.2.1
    dev: false

  /chokidar@3.6.0:
    resolution: {integrity: sha1-GXxsxmnvKo3F57TZfuTgksPrDVs=, tarball: http://repo.inspur.com:80/artifactory/api/npm/iop-npm-virtual/chokidar/-/chokidar-3.6.0.tgz}
    engines: {node: '>= 8.10.0'}
    dependencies:
      anymatch: 3.1.3
      braces: 3.0.2
      glob-parent: 5.1.2
      is-binary-path: 2.1.0
      is-glob: 4.0.3
      normalize-path: 3.0.0
      readdirp: 3.6.0
    optionalDependencies:
      fsevents: 2.3.3

  /combined-stream@1.0.8:
    resolution: {integrity: sha1-w9RaizT9cwYxoRCoolIGgrMdWn8=, tarball: http://repo.inspur.com:80/artifactory/api/npm/iop-npm-virtual/combined-stream/-/combined-stream-1.0.8.tgz}
    engines: {node: '>= 0.8'}
    dependencies:
      delayed-stream: 1.0.0
    dev: false

  /csstype@3.1.3:
    resolution: {integrity: sha1-2A/ylNEU+w5qxQD7+FtgE31+/4E=, tarball: http://repo.inspur.com:80/artifactory/api/npm/iop-npm-virtual/csstype/-/csstype-3.1.3.tgz}

  /dayjs@1.11.10:
    resolution: {integrity: sha1-aKzqhTF6bhZEV9bWlHVkAppqFqA=, tarball: http://repo.inspur.com:80/artifactory/api/npm/iop-npm-virtual/dayjs/-/dayjs-1.11.10.tgz}
    dev: false

  /define-data-property@1.1.4:
    resolution: {integrity: sha1-iU3BQbt9MGCuQ2b2oBB+aPvkjF4=, tarball: http://repo.inspur.com:80/artifactory/api/npm/iop-npm-virtual/define-data-property/-/define-data-property-1.1.4.tgz}
    engines: {node: '>= 0.4'}
    dependencies:
      es-define-property: 1.0.0
      es-errors: 1.3.0
      gopd: 1.0.1
    dev: false

  /delayed-stream@1.0.0:
    resolution: {integrity: sha1-3zrhmayt+31ECqrgsp4icrJOxhk=, tarball: http://repo.inspur.com:80/artifactory/api/npm/iop-npm-virtual/delayed-stream/-/delayed-stream-1.0.0.tgz}
    engines: {node: '>=0.4.0'}
    dev: false

  /element-plus@2.5.6(vue@3.4.21):
    resolution: {integrity: sha1-1j2rxjMMDiq+b5fPmQE6MBQJQNE=, tarball: http://repo.inspur.com:80/artifactory/api/npm/iop-npm-virtual/element-plus/-/element-plus-2.5.6.tgz}
    peerDependencies:
      vue: ^3.2.0
    dependencies:
      '@ctrl/tinycolor': 3.6.1
      '@element-plus/icons-vue': 2.3.1(vue@3.4.21)
      '@floating-ui/dom': 1.6.3
      '@popperjs/core': /@sxzz/popperjs-es@2.11.7
      '@types/lodash': 4.14.202
      '@types/lodash-es': 4.17.12
      '@vueuse/core': 9.13.0(vue@3.4.21)
      async-validator: 4.2.5
      dayjs: 1.11.10
      escape-html: 1.0.3
      lodash: 4.17.21
      lodash-es: 4.17.21
      lodash-unified: 1.0.3(@types/lodash-es@4.17.12)(lodash-es@4.17.21)(lodash@4.17.21)
      memoize-one: 6.0.0
      normalize-wheel-es: 1.2.0
      vue: 3.4.21
    transitivePeerDependencies:
      - '@vue/composition-api'
    dev: false

  /entities@4.5.0:
    resolution: {integrity: sha1-XSaOpecRPsdMTQM7eepaNaSI+0g=, tarball: http://repo.inspur.com:80/artifactory/api/npm/iop-npm-virtual/entities/-/entities-4.5.0.tgz}
    engines: {node: '>=0.12'}

  /es-define-property@1.0.0:
    resolution: {integrity: sha1-x/rvvf+LJpbPX0aSHt+3fMS6OEU=, tarball: http://repo.inspur.com:80/artifactory/api/npm/iop-npm-virtual/es-define-property/-/es-define-property-1.0.0.tgz}
    engines: {node: '>= 0.4'}
    dependencies:
      get-intrinsic: 1.2.4
    dev: false

  /es-errors@1.3.0:
    resolution: {integrity: sha1-BfdaJdq5jk+x3NXhRywFRtUFfI8=, tarball: http://repo.inspur.com:80/artifactory/api/npm/iop-npm-virtual/es-errors/-/es-errors-1.3.0.tgz}
    engines: {node: '>= 0.4'}
    dev: false

  /esbuild-android-64@0.15.18:
    resolution: {integrity: sha1-IKeuFBbI6q3pF/skU8ElkwLGN6U=, tarball: http://repo.inspur.com:80/artifactory/api/npm/iop-npm-virtual/esbuild-android-64/-/esbuild-android-64-0.15.18.tgz}
    engines: {node: '>=12'}
    cpu: [x64]
    os: [android]
    requiresBuild: true
    dev: true
    optional: true

  /esbuild-android-arm64@0.15.18:
    resolution: {integrity: sha1-nMDsYFgdatJnVo8pz0iV/92fLwQ=, tarball: http://repo.inspur.com:80/artifactory/api/npm/iop-npm-virtual/esbuild-android-arm64/-/esbuild-android-arm64-0.15.18.tgz}
    engines: {node: '>=12'}
    cpu: [arm64]
    os: [android]
    requiresBuild: true
    dev: true
    optional: true

  /esbuild-darwin-64@0.15.18:
    resolution: {integrity: sha1-Qo4XMOqBnVAICPIg+8UgeuptRBA=, tarball: http://repo.inspur.com:80/artifactory/api/npm/iop-npm-virtual/esbuild-darwin-64/-/esbuild-darwin-64-0.15.18.tgz}
    engines: {node: '>=12'}
    cpu: [x64]
    os: [darwin]
    requiresBuild: true
    dev: true
    optional: true

  /esbuild-darwin-arm64@0.15.18:
    resolution: {integrity: sha1-tt/HeZEVopF/NZcL+8k65QJWszc=, tarball: http://repo.inspur.com:80/artifactory/api/npm/iop-npm-virtual/esbuild-darwin-arm64/-/esbuild-darwin-arm64-0.15.18.tgz}
    engines: {node: '>=12'}
    cpu: [arm64]
    os: [darwin]
    requiresBuild: true
    dev: true
    optional: true

  /esbuild-freebsd-64@0.15.18:
    resolution: {integrity: sha1-ThkNnC0eZxZGGa4wpDi+h9Xu2vI=, tarball: http://repo.inspur.com:80/artifactory/api/npm/iop-npm-virtual/esbuild-freebsd-64/-/esbuild-freebsd-64-0.15.18.tgz}
    engines: {node: '>=12'}
    cpu: [x64]
    os: [freebsd]
    requiresBuild: true
    dev: true
    optional: true

  /esbuild-freebsd-arm64@0.15.18:
    resolution: {integrity: sha1-GKTANE7iO9Wm0G0Yx24v1tP5FjU=, tarball: http://repo.inspur.com:80/artifactory/api/npm/iop-npm-virtual/esbuild-freebsd-arm64/-/esbuild-freebsd-arm64-0.15.18.tgz}
    engines: {node: '>=12'}
    cpu: [arm64]
    os: [freebsd]
    requiresBuild: true
    dev: true
    optional: true

  /esbuild-linux-32@0.15.18:
    resolution: {integrity: sha1-mjKXMe4HmxImK3k/uE7qdi6C4M4=, tarball: http://repo.inspur.com:80/artifactory/api/npm/iop-npm-virtual/esbuild-linux-32/-/esbuild-linux-32-0.15.18.tgz}
    engines: {node: '>=12'}
    cpu: [ia32]
    os: [linux]
    requiresBuild: true
    dev: true
    optional: true

  /esbuild-linux-64@0.15.18:
    resolution: {integrity: sha1-Uyc4B1OXuZRGe1FOUkrrUgwZG2w=, tarball: http://repo.inspur.com:80/artifactory/api/npm/iop-npm-virtual/esbuild-linux-64/-/esbuild-linux-64-0.15.18.tgz}
    engines: {node: '>=12'}
    cpu: [x64]
    os: [linux]
    requiresBuild: true
    dev: true
    optional: true

  /esbuild-linux-arm64@0.15.18:
    resolution: {integrity: sha1-U3LnmTrC2o8GsroxNxDXIreobl0=, tarball: http://repo.inspur.com:80/artifactory/api/npm/iop-npm-virtual/esbuild-linux-arm64/-/esbuild-linux-arm64-0.15.18.tgz}
    engines: {node: '>=12'}
    cpu: [arm64]
    os: [linux]
    requiresBuild: true
    dev: true
    optional: true

  /esbuild-linux-arm@0.15.18:
    resolution: {integrity: sha1-5zSq8lmi49EJ1IhsnoHsDy/Zqcw=, tarball: http://repo.inspur.com:80/artifactory/api/npm/iop-npm-virtual/esbuild-linux-arm/-/esbuild-linux-arm-0.15.18.tgz}
    engines: {node: '>=12'}
    cpu: [arm]
    os: [linux]
    requiresBuild: true
    dev: true
    optional: true

  /esbuild-linux-mips64le@0.15.18:
    resolution: {integrity: sha1-wEh8FKk3GoTrCPqw4dewRadxBes=, tarball: http://repo.inspur.com:80/artifactory/api/npm/iop-npm-virtual/esbuild-linux-mips64le/-/esbuild-linux-mips64le-0.15.18.tgz}
    engines: {node: '>=12'}
    cpu: [mips64el]
    os: [linux]
    requiresBuild: true
    dev: true
    optional: true

  /esbuild-linux-ppc64le@0.15.18:
    resolution: {integrity: sha1-rwSK2U7tDOMvbVqHP3q+kRUBJQc=, tarball: http://repo.inspur.com:80/artifactory/api/npm/iop-npm-virtual/esbuild-linux-ppc64le/-/esbuild-linux-ppc64le-0.15.18.tgz}
    engines: {node: '>=12'}
    cpu: [ppc64]
    os: [linux]
    requiresBuild: true
    dev: true
    optional: true

  /esbuild-linux-riscv64@0.15.18:
    resolution: {integrity: sha1-Qj7U5ZJ713+EK9VmlyF49CTUVeY=, tarball: http://repo.inspur.com:80/artifactory/api/npm/iop-npm-virtual/esbuild-linux-riscv64/-/esbuild-linux-riscv64-0.15.18.tgz}
    engines: {node: '>=12'}
    cpu: [riscv64]
    os: [linux]
    requiresBuild: true
    dev: true
    optional: true

  /esbuild-linux-s390x@0.15.18:
    resolution: {integrity: sha1-IdIeqpYqGDv7djEuWgHMWuSM6Os=, tarball: http://repo.inspur.com:80/artifactory/api/npm/iop-npm-virtual/esbuild-linux-s390x/-/esbuild-linux-s390x-0.15.18.tgz}
    engines: {node: '>=12'}
    cpu: [s390x]
    os: [linux]
    requiresBuild: true
    dev: true
    optional: true

  /esbuild-netbsd-64@0.15.18:
    resolution: {integrity: sha1-rnVoL2DQhWCx/pSCv+AXPlEQuZg=, tarball: http://repo.inspur.com:80/artifactory/api/npm/iop-npm-virtual/esbuild-netbsd-64/-/esbuild-netbsd-64-0.15.18.tgz}
    engines: {node: '>=12'}
    cpu: [x64]
    os: [netbsd]
    requiresBuild: true
    dev: true
    optional: true

  /esbuild-openbsd-64@0.15.18:
    resolution: {integrity: sha1-eVkakKo7A+SGP5O+7A0rqyhT0Kg=, tarball: http://repo.inspur.com:80/artifactory/api/npm/iop-npm-virtual/esbuild-openbsd-64/-/esbuild-openbsd-64-0.15.18.tgz}
    engines: {node: '>=12'}
    cpu: [x64]
    os: [openbsd]
    requiresBuild: true
    dev: true
    optional: true

  /esbuild-sunos-64@0.15.18:
    resolution: {integrity: sha1-/VKKpdpTdLfh6T0275sHw9/tKXE=, tarball: http://repo.inspur.com:80/artifactory/api/npm/iop-npm-virtual/esbuild-sunos-64/-/esbuild-sunos-64-0.15.18.tgz}
    engines: {node: '>=12'}
    cpu: [x64]
    os: [sunos]
    requiresBuild: true
    dev: true
    optional: true

  /esbuild-windows-32@0.15.18:
    resolution: {integrity: sha1-DpK2bs31Q1p2gTxLxczaBpb078M=, tarball: http://repo.inspur.com:80/artifactory/api/npm/iop-npm-virtual/esbuild-windows-32/-/esbuild-windows-32-0.15.18.tgz}
    engines: {node: '>=12'}
    cpu: [ia32]
    os: [win32]
    requiresBuild: true
    dev: true
    optional: true

  /esbuild-windows-64@0.15.18:
    resolution: {integrity: sha1-D8dh14VBQoT8QI55FCJtM/gkINA=, tarball: http://repo.inspur.com:80/artifactory/api/npm/iop-npm-virtual/esbuild-windows-64/-/esbuild-windows-64-0.15.18.tgz}
    engines: {node: '>=12'}
    cpu: [x64]
    os: [win32]
    requiresBuild: true
    dev: true
    optional: true

  /esbuild-windows-arm64@0.15.18:
    resolution: {integrity: sha1-W1vcVtNB0JIu6UllyJ7hIKaobrc=, tarball: http://repo.inspur.com:80/artifactory/api/npm/iop-npm-virtual/esbuild-windows-arm64/-/esbuild-windows-arm64-0.15.18.tgz}
    engines: {node: '>=12'}
    cpu: [arm64]
    os: [win32]
    requiresBuild: true
    dev: true
    optional: true

  /esbuild@0.15.18:
    resolution: {integrity: sha1-6olK2vP7wDbTIyCgDU1uSXii820=, tarball: http://repo.inspur.com:80/artifactory/api/npm/iop-npm-virtual/esbuild/-/esbuild-0.15.18.tgz}
    engines: {node: '>=12'}
    hasBin: true
    requiresBuild: true
    optionalDependencies:
      '@esbuild/android-arm': 0.15.18
      '@esbuild/linux-loong64': 0.15.18
      esbuild-android-64: 0.15.18
      esbuild-android-arm64: 0.15.18
      esbuild-darwin-64: 0.15.18
      esbuild-darwin-arm64: 0.15.18
      esbuild-freebsd-64: 0.15.18
      esbuild-freebsd-arm64: 0.15.18
      esbuild-linux-32: 0.15.18
      esbuild-linux-64: 0.15.18
      esbuild-linux-arm: 0.15.18
      esbuild-linux-arm64: 0.15.18
      esbuild-linux-mips64le: 0.15.18
      esbuild-linux-ppc64le: 0.15.18
      esbuild-linux-riscv64: 0.15.18
      esbuild-linux-s390x: 0.15.18
      esbuild-netbsd-64: 0.15.18
      esbuild-openbsd-64: 0.15.18
      esbuild-sunos-64: 0.15.18
      esbuild-windows-32: 0.15.18
      esbuild-windows-64: 0.15.18
      esbuild-windows-arm64: 0.15.18
    dev: true

  /escape-html@1.0.3:
    resolution: {integrity: sha1-Aljq5NPQwJdN4cFpGI7wBR0dGYg=, tarball: http://repo.inspur.com:80/artifactory/api/npm/iop-npm-virtual/escape-html/-/escape-html-1.0.3.tgz}
    dev: false

  /estree-walker@2.0.2:
    resolution: {integrity: sha1-UvAQF4wqTBF6d1fP6UKtt9LaTKw=, tarball: http://repo.inspur.com:80/artifactory/api/npm/iop-npm-virtual/estree-walker/-/estree-walker-2.0.2.tgz}

  /fill-range@7.0.1:
    resolution: {integrity: sha1-GRmmp8df44ssfHflGYU12prN2kA=, tarball: http://repo.inspur.com:80/artifactory/api/npm/iop-npm-virtual/fill-range/-/fill-range-7.0.1.tgz}
    engines: {node: '>=8'}
    dependencies:
      to-regex-range: 5.0.1

  /follow-redirects@1.15.5:
    resolution: {integrity: sha1-VNTW0GLA+n2dF/6wCEYVUOO6gCA=, tarball: http://repo.inspur.com:80/artifactory/api/npm/iop-npm-virtual/follow-redirects/-/follow-redirects-1.15.5.tgz}
    engines: {node: '>=4.0'}
    peerDependencies:
      debug: '*'
    peerDependenciesMeta:
      debug:
        optional: true
    dev: false

  /form-data@4.0.0:
    resolution: {integrity: sha1-k5Gdrq82HuUpWEubMWZNwSyfpFI=, tarball: http://repo.inspur.com:80/artifactory/api/npm/iop-npm-virtual/form-data/-/form-data-4.0.0.tgz}
    engines: {node: '>= 6'}
    dependencies:
      asynckit: 0.4.0
      combined-stream: 1.0.8
      mime-types: 2.1.35
    dev: false

  /fsevents@2.3.3:
    resolution: {integrity: sha1-ysZAd4XQNnWipeGlMFxpezR9kNY=, tarball: http://repo.inspur.com:80/artifactory/api/npm/iop-npm-virtual/fsevents/-/fsevents-2.3.3.tgz}
    engines: {node: ^8.16.0 || ^10.6.0 || >=11.0.0}
    os: [darwin]
    requiresBuild: true
    optional: true

  /function-bind@1.1.2:
    resolution: {integrity: sha1-LALYZNl/PqbIgwxGTL0Rq26rehw=, tarball: http://repo.inspur.com:80/artifactory/api/npm/iop-npm-virtual/function-bind/-/function-bind-1.1.2.tgz}

  /get-intrinsic@1.2.4:
    resolution: {integrity: sha1-44X1pLUifUScPqu60FSU7wq76t0=, tarball: http://repo.inspur.com:80/artifactory/api/npm/iop-npm-virtual/get-intrinsic/-/get-intrinsic-1.2.4.tgz}
    engines: {node: '>= 0.4'}
    dependencies:
      es-errors: 1.3.0
      function-bind: 1.1.2
      has-proto: 1.0.3
      has-symbols: 1.0.3
      hasown: 2.0.1
    dev: false

  /glob-parent@5.1.2:
    resolution: {integrity: sha1-hpgyxYA0/mikCTwX3BXoNA2EAcQ=, tarball: http://repo.inspur.com:80/artifactory/api/npm/iop-npm-virtual/glob-parent/-/glob-parent-5.1.2.tgz}
    engines: {node: '>= 6'}
    dependencies:
      is-glob: 4.0.3

  /gopd@1.0.1:
    resolution: {integrity: sha1-Kf923mnax0ibfAkYpXiOVkd8Myw=, tarball: http://repo.inspur.com:80/artifactory/api/npm/iop-npm-virtual/gopd/-/gopd-1.0.1.tgz}
    dependencies:
      get-intrinsic: 1.2.4
    dev: false

  /has-property-descriptors@1.0.2:
    resolution: {integrity: sha1-lj7X0HHce/XwhMW/vg0bYiJYaFQ=, tarball: http://repo.inspur.com:80/artifactory/api/npm/iop-npm-virtual/has-property-descriptors/-/has-property-descriptors-1.0.2.tgz}
    dependencies:
      es-define-property: 1.0.0
    dev: false

  /has-proto@1.0.3:
    resolution: {integrity: sha1-sx3f6bDm6ZFFNqarKGQm0CFPd/0=, tarball: http://repo.inspur.com:80/artifactory/api/npm/iop-npm-virtual/has-proto/-/has-proto-1.0.3.tgz}
    engines: {node: '>= 0.4'}
    dev: false

  /has-symbols@1.0.3:
    resolution: {integrity: sha1-u3ssQ0klHc6HsSX3vfh0qnyLOfg=, tarball: http://repo.inspur.com:80/artifactory/api/npm/iop-npm-virtual/has-symbols/-/has-symbols-1.0.3.tgz}
    engines: {node: '>= 0.4'}
    dev: false

  /hasown@2.0.1:
    resolution: {integrity: sha1-JvSPA53iwPjTNWwiP7jVAlNRn6o=, tarball: http://repo.inspur.com:80/artifactory/api/npm/iop-npm-virtual/hasown/-/hasown-2.0.1.tgz}
    engines: {node: '>= 0.4'}
    dependencies:
      function-bind: 1.1.2

  /immutable@4.3.5:
    resolution: {integrity: sha1-+LQ25m1Z+Zdg3Fd/XJmk/SpcxaA=, tarball: http://repo.inspur.com:80/artifactory/api/npm/iop-npm-virtual/immutable/-/immutable-4.3.5.tgz}

  /is-binary-path@2.1.0:
    resolution: {integrity: sha1-6h9/O4DwZCNug0cPhsCcJU+0Wwk=, tarball: http://repo.inspur.com:80/artifactory/api/npm/iop-npm-virtual/is-binary-path/-/is-binary-path-2.1.0.tgz}
    engines: {node: '>=8'}
    dependencies:
      binary-extensions: 2.2.0

  /is-core-module@2.13.1:
    resolution: {integrity: sha1-rQ11Msb+qdoevcgnQtdFJcYnM4Q=, tarball: http://repo.inspur.com:80/artifactory/api/npm/iop-npm-virtual/is-core-module/-/is-core-module-2.13.1.tgz}
    dependencies:
      hasown: 2.0.1
    dev: true

  /is-extglob@2.1.1:
    resolution: {integrity: sha1-qIwCU1eR8C7TfHahueqXc8gz+MI=, tarball: http://repo.inspur.com:80/artifactory/api/npm/iop-npm-virtual/is-extglob/-/is-extglob-2.1.1.tgz}
    engines: {node: '>=0.10.0'}

  /is-glob@4.0.3:
    resolution: {integrity: sha1-ZPYeQsu7LuwgcanawLKLoeZdUIQ=, tarball: http://repo.inspur.com:80/artifactory/api/npm/iop-npm-virtual/is-glob/-/is-glob-4.0.3.tgz}
    engines: {node: '>=0.10.0'}
    dependencies:
      is-extglob: 2.1.1

  /is-number@7.0.0:
    resolution: {integrity: sha1-dTU0W4lnNNX4DE0GxQlVUnoU8Ss=, tarball: http://repo.inspur.com:80/artifactory/api/npm/iop-npm-virtual/is-number/-/is-number-7.0.0.tgz}
    engines: {node: '>=0.12.0'}

  /lodash-es@4.17.21:
    resolution: {integrity: sha1-Q+YmxG5lkbd1C+srUBFzkMYJ4+4=, tarball: http://repo.inspur.com:80/artifactory/api/npm/iop-npm-virtual/lodash-es/-/lodash-es-4.17.21.tgz}
    dev: false

  /lodash-unified@1.0.3(@types/lodash-es@4.17.12)(lodash-es@4.17.21)(lodash@4.17.21):
    resolution: {integrity: sha1-gLHqwQ7S6wLtGJ8IYUopwn0HyJQ=, tarball: http://repo.inspur.com:80/artifactory/api/npm/iop-npm-virtual/lodash-unified/-/lodash-unified-1.0.3.tgz}
    peerDependencies:
      '@types/lodash-es': '*'
      lodash: '*'
      lodash-es: '*'
    dependencies:
      '@types/lodash-es': 4.17.12
      lodash: 4.17.21
      lodash-es: 4.17.21
    dev: false

  /lodash@4.17.21:
    resolution: {integrity: sha1-Z5WRxWTDv/quhFTPCz3zcMPWkRw=, tarball: http://repo.inspur.com:80/artifactory/api/npm/iop-npm-virtual/lodash/-/lodash-4.17.21.tgz}
    dev: false

  /magic-string@0.30.7:
    resolution: {integrity: sha1-DOzQUn1HMphnnalaLXrrjGQEhQU=, tarball: http://repo.inspur.com:80/artifactory/api/npm/iop-npm-virtual/magic-string/-/magic-string-0.30.7.tgz}
    engines: {node: '>=12'}
    dependencies:
      '@jridgewell/sourcemap-codec': 1.4.15

  /memoize-one@6.0.0:
    resolution: {integrity: sha1-slkbhx7YKUiu5HJ9xqvO7qyMEEU=, tarball: http://repo.inspur.com:80/artifactory/api/npm/iop-npm-virtual/memoize-one/-/memoize-one-6.0.0.tgz}
    dev: false

  /mime-db@1.52.0:
    resolution: {integrity: sha1-u6vNwChZ9JhzAchW4zh85exDv3A=, tarball: http://repo.inspur.com:80/artifactory/api/npm/iop-npm-virtual/mime-db/-/mime-db-1.52.0.tgz}
    engines: {node: '>= 0.6'}
    dev: false

  /mime-types@2.1.35:
    resolution: {integrity: sha1-OBqHG2KnNEUGYK497uRIE/cNlZo=, tarball: http://repo.inspur.com:80/artifactory/api/npm/iop-npm-virtual/mime-types/-/mime-types-2.1.35.tgz}
    engines: {node: '>= 0.6'}
    dependencies:
      mime-db: 1.52.0
    dev: false

  /nanoid@3.3.7:
    resolution: {integrity: sha1-0MMBppG8jVTvoKIibM8/4v1la9g=, tarball: http://repo.inspur.com:80/artifactory/api/npm/iop-npm-virtual/nanoid/-/nanoid-3.3.7.tgz}
    engines: {node: ^10 || ^12 || ^13.7 || ^14 || >=15.0.1}
    hasBin: true

  /neo-async@2.6.2:
    resolution: {integrity: sha1-tKr7k+OustgXTKU88WOrfXMIMF8=, tarball: http://repo.inspur.com:80/artifactory/api/npm/iop-npm-virtual/neo-async/-/neo-async-2.6.2.tgz}
    dev: false

  /normalize-path@3.0.0:
    resolution: {integrity: sha1-Dc1p/yOhybEf0JeDFmRKA4ghamU=, tarball: http://repo.inspur.com:80/artifactory/api/npm/iop-npm-virtual/normalize-path/-/normalize-path-3.0.0.tgz}
    engines: {node: '>=0.10.0'}

  /normalize-wheel-es@1.2.0:
    resolution: {integrity: sha1-D6JZPWGfckWlQWUmGRBasHas8J4=, tarball: http://repo.inspur.com:80/artifactory/api/npm/iop-npm-virtual/normalize-wheel-es/-/normalize-wheel-es-1.2.0.tgz}
    dev: false

  /object-inspect@1.13.1:
    resolution: {integrity: sha1-uWxhCTJMz+9rEiFqlWyk3C/5S8I=, tarball: http://repo.inspur.com:80/artifactory/api/npm/iop-npm-virtual/object-inspect/-/object-inspect-1.13.1.tgz}
    dev: false

  /path-parse@1.0.7:
    resolution: {integrity: sha1-+8EUtgykKzDZ2vWFjkvWi77bZzU=, tarball: http://repo.inspur.com:80/artifactory/api/npm/iop-npm-virtual/path-parse/-/path-parse-1.0.7.tgz}
    dev: true

  /picocolors@1.0.0:
    resolution: {integrity: sha1-y1vcdP8/UYkiNur3nWi8RFZKuBw=, tarball: http://repo.inspur.com:80/artifactory/api/npm/iop-npm-virtual/picocolors/-/picocolors-1.0.0.tgz}

  /picomatch@2.3.1:
    resolution: {integrity: sha1-O6ODNzNkbZ0+SZWUbBNlpn+wekI=, tarball: http://repo.inspur.com:80/artifactory/api/npm/iop-npm-virtual/picomatch/-/picomatch-2.3.1.tgz}
    engines: {node: '>=8.6'}

  /postcss@8.4.35:
    resolution: {integrity: sha1-YJl3dWic4JAR7fCDpUnOpEqr4vc=, tarball: http://repo.inspur.com:80/artifactory/api/npm/iop-npm-virtual/postcss/-/postcss-8.4.35.tgz}
    engines: {node: ^10 || ^12 || >=14}
    dependencies:
      nanoid: 3.3.7
      picocolors: 1.0.0
      source-map-js: 1.0.2

  /proxy-from-env@1.1.0:
    resolution: {integrity: sha1-4QLxbKNVQkhldV0sno6k8k1Yw+I=, tarball: http://repo.inspur.com:80/artifactory/api/npm/iop-npm-virtual/proxy-from-env/-/proxy-from-env-1.1.0.tgz}
    dev: false

  /qs@6.11.2:
    resolution: {integrity: sha1-ZL6lHxLB9dobwBSW9I/8/3xp19k=, tarball: http://repo.inspur.com:80/artifactory/api/npm/iop-npm-virtual/qs/-/qs-6.11.2.tgz}
    engines: {node: '>=0.6'}
    dependencies:
      side-channel: 1.0.5
    dev: false

  /readdirp@3.6.0:
    resolution: {integrity: sha1-dKNwvYVxFuJFspzJc0DNQxoCpsc=, tarball: http://repo.inspur.com:80/artifactory/api/npm/iop-npm-virtual/readdirp/-/readdirp-3.6.0.tgz}
    engines: {node: '>=8.10.0'}
    dependencies:
      picomatch: 2.3.1

  /resolve@1.22.8:
    resolution: {integrity: sha1-tsh6nyqgbfq1Lj1wrIzeMh+lpI0=, tarball: http://repo.inspur.com:80/artifactory/api/npm/iop-npm-virtual/resolve/-/resolve-1.22.8.tgz}
    hasBin: true
    dependencies:
      is-core-module: 2.13.1
      path-parse: 1.0.7
      supports-preserve-symlinks-flag: 1.0.0
    dev: true

  /rollup@2.79.1:
    resolution: {integrity: sha1-vt7o+u98n5OiZHrAEIdI9Jfwgcc=, tarball: http://repo.inspur.com:80/artifactory/api/npm/iop-npm-virtual/rollup/-/rollup-2.79.1.tgz}
    engines: {node: '>=10.0.0'}
    hasBin: true
    optionalDependencies:
      fsevents: 2.3.3
    dev: true

  /sass-loader@14.1.1(sass@1.71.1):
    resolution: {integrity: sha1-LJ0id8Wxxf54nNBXDARtitI8t8o=, tarball: http://repo.inspur.com:80/artifactory/api/npm/iop-npm-virtual/sass-loader/-/sass-loader-14.1.1.tgz}
    engines: {node: '>= 18.12.0'}
    peerDependencies:
      '@rspack/core': 0.x || 1.x
      node-sass: ^4.0.0 || ^5.0.0 || ^6.0.0 || ^7.0.0 || ^8.0.0 || ^9.0.0
      sass: ^1.3.0
      sass-embedded: '*'
      webpack: ^5.0.0
    peerDependenciesMeta:
      '@rspack/core':
        optional: true
      node-sass:
        optional: true
      sass:
        optional: true
      sass-embedded:
        optional: true
      webpack:
        optional: true
    dependencies:
      neo-async: 2.6.2
      sass: 1.71.1
    dev: false

  /sass@1.71.1:
    resolution: {integrity: sha1-37CcY85j+JNTd3u9SojAo4OG7lQ=, tarball: http://repo.inspur.com:80/artifactory/api/npm/iop-npm-virtual/sass/-/sass-1.71.1.tgz}
    engines: {node: '>=14.0.0'}
    hasBin: true
    dependencies:
      chokidar: 3.6.0
      immutable: 4.3.5
      source-map-js: 1.0.2

  /set-function-length@1.2.1:
    resolution: {integrity: sha1-R8xZRfLHceLPJhxnN8+WhKKl5CU=, tarball: http://repo.inspur.com:80/artifactory/api/npm/iop-npm-virtual/set-function-length/-/set-function-length-1.2.1.tgz}
    engines: {node: '>= 0.4'}
    dependencies:
      define-data-property: 1.1.4
      es-errors: 1.3.0
      function-bind: 1.1.2
      get-intrinsic: 1.2.4
      gopd: 1.0.1
      has-property-descriptors: 1.0.2
    dev: false

  /side-channel@1.0.5:
    resolution: {integrity: sha1-moRUZZm0iQn7avEhFwjSOxlGIhs=, tarball: http://repo.inspur.com:80/artifactory/api/npm/iop-npm-virtual/side-channel/-/side-channel-1.0.5.tgz}
    engines: {node: '>= 0.4'}
    dependencies:
      call-bind: 1.0.7
      es-errors: 1.3.0
      get-intrinsic: 1.2.4
      object-inspect: 1.13.1
    dev: false

  /source-map-js@1.0.2:
    resolution: {integrity: sha1-rbw2HZxi3zgBJefxYfccgm8eSQw=, tarball: http://repo.inspur.com:80/artifactory/api/npm/iop-npm-virtual/source-map-js/-/source-map-js-1.0.2.tgz}
    engines: {node: '>=0.10.0'}

  /supports-preserve-symlinks-flag@1.0.0:
    resolution: {integrity: sha1-btpL00SjyUrqN21MwxvHcxEDngk=, tarball: http://repo.inspur.com:80/artifactory/api/npm/iop-npm-virtual/supports-preserve-symlinks-flag/-/supports-preserve-symlinks-flag-1.0.0.tgz}
    engines: {node: '>= 0.4'}
    dev: true

  /to-fast-properties@2.0.0:
    resolution: {integrity: sha1-3F5pjL0HkmW8c+A3doGk5Og/YW4=, tarball: http://repo.inspur.com:80/artifactory/api/npm/iop-npm-virtual/to-fast-properties/-/to-fast-properties-2.0.0.tgz}
    engines: {node: '>=4'}

  /to-regex-range@5.0.1:
    resolution: {integrity: sha1-FkjESq58jZiKMmAY7XL1tN0DkuQ=, tarball: http://repo.inspur.com:80/artifactory/api/npm/iop-npm-virtual/to-regex-range/-/to-regex-range-5.0.1.tgz}
    engines: {node: '>=8.0'}
    dependencies:
      is-number: 7.0.0

  /vite@3.2.8(sass@1.71.1):
    resolution: {integrity: sha1-BpfhOt35ntRLg4uEYqOpIv3Z03s=, tarball: http://repo.inspur.com:80/artifactory/api/npm/iop-npm-virtual/vite/-/vite-3.2.8.tgz}
    engines: {node: ^14.18.0 || >=16.0.0}
    hasBin: true
    peerDependencies:
      '@types/node': '>= 14'
      less: '*'
      sass: '*'
      stylus: '*'
      sugarss: '*'
      terser: ^5.4.0
    peerDependenciesMeta:
      '@types/node':
        optional: true
      less:
        optional: true
      sass:
        optional: true
      stylus:
        optional: true
      sugarss:
        optional: true
      terser:
        optional: true
    dependencies:
      esbuild: 0.15.18
      postcss: 8.4.35
      resolve: 1.22.8
      rollup: 2.79.1
      sass: 1.71.1
    optionalDependencies:
      fsevents: 2.3.3
    dev: true

  /vue-demi@0.14.7(vue@3.4.21):
    resolution: {integrity: sha1-gxdTaz73TFsJ8mj3eC5wGUVn2PI=, tarball: http://repo.inspur.com:80/artifactory/api/npm/iop-npm-virtual/vue-demi/-/vue-demi-0.14.7.tgz}
    engines: {node: '>=12'}
    hasBin: true
    requiresBuild: true
    peerDependencies:
      '@vue/composition-api': ^1.0.0-rc.1
      vue: ^3.0.0-0 || ^2.6.0
    peerDependenciesMeta:
      '@vue/composition-api':
        optional: true
    dependencies:
      vue: 3.4.21
    dev: false

  /vue-router@4.3.0(vue@3.4.21):
    resolution: {integrity: sha1-1ZE/J79ooKF47nmMPIi+RxgRojU=, tarball: http://repo.inspur.com:80/artifactory/api/npm/iop-npm-virtual/vue-router/-/vue-router-4.3.0.tgz}
    peerDependencies:
      vue: ^3.2.0
    dependencies:
      '@vue/devtools-api': 6.6.1
      vue: 3.4.21
    dev: false

  /vue@3.4.21:
    resolution: {integrity: sha1-aeww4mfTWO46DOFmErqJ4AqutzE=, tarball: http://repo.inspur.com:80/artifactory/api/npm/iop-npm-virtual/vue/-/vue-3.4.21.tgz}
    peerDependencies:
      typescript: '*'
    peerDependenciesMeta:
      typescript:
        optional: true
    dependencies:
      '@vue/compiler-dom': 3.4.21
      '@vue/compiler-sfc': 3.4.21
      '@vue/runtime-dom': 3.4.21
      '@vue/server-renderer': 3.4.21(vue@3.4.21)
      '@vue/shared': 3.4.21
